
Microsoft Visual Studio Solution File, Format Version 12.00
# Visual Studio Version 16
VisualStudioVersion = 16.0.30804.86
MinimumVisualStudioVersion = 10.0.40219.1
Project("{2150E333-8FDC-42A3-9474-1A3956D46DE8}") = "01 Framework 基础设施层", "01 Framework 基础设施层", "{EB7686D1-C36B-4F3D-A7EA-10EB48607B04}"
EndProject
Project("{2150E333-8FDC-42A3-9474-1A3956D46DE8}") = "05 Web前端", "05 Web前端", "{85A4552B-54AA-4D23-A34A-B7B589CE3071}"
EndProject
Project("{9A19103F-16F7-4668-BE54-9A1E7A4F7556}") = "Util", "Util\Util.csproj", "{08C3F096-31EF-4DCD-A76A-CAAF6663F6D8}"
EndProject
Project("{9A19103F-16F7-4668-BE54-9A1E7A4F7556}") = "WebApp", "WebApp\WebApp.csproj", "{8A9445E7-C82A-4B9B-A561-7AB1E801CFDC}"
EndProject
Project("{2150E333-8FDC-42A3-9474-1A3956D46DE8}") = "04 Entity 实体层", "04 Entity 实体层", "{7C53B4D7-7995-4715-92D2-A1833A7449F6}"
EndProject
Project("{9A19103F-16F7-4668-BE54-9A1E7A4F7556}") = "Enum", "Enum\Enum.csproj", "{8001224D-2C77-4130-AF12-DF407C6E6AAA}"
EndProject
Project("{2150E333-8FDC-42A3-9474-1A3956D46DE8}") = "03 Business 业务逻辑层", "03 Business 业务逻辑层", "{36151F25-648B-44C7-A69D-45816D908D07}"
EndProject
Project("{9A19103F-16F7-4668-BE54-9A1E7A4F7556}") = "Business.AutoJob", "Business.AutoJob\Business.AutoJob.csproj", "{C098BF74-5C9A-48E6-AAEB-9EBF122ED8DF}"
EndProject
Project("{9A19103F-16F7-4668-BE54-9A1E7A4F7556}") = "Entity", "Entity\Entity.csproj", "{D8DF7B64-95BC-4402-8CF4-288F10924E64}"
EndProject
Project("{9A19103F-16F7-4668-BE54-9A1E7A4F7556}") = "Business", "Business\Business.csproj", "{17E9AD64-A00D-4285-94AD-E62BEBD270F6}"
EndProject
Project("{9A19103F-16F7-4668-BE54-9A1E7A4F7556}") = "Service", "Service\Service.csproj", "{ACDDDC82-6CF7-4E06-B185-F53CE542FA14}"
EndProject
Project("{2150E333-8FDC-42A3-9474-1A3956D46DE8}") = "02 DataAccess 数据库核心层", "02 DataAccess 数据库核心层", "{EFD64181-D483-4787-AC86-597D253DB5BC}"
EndProject
Project("{9A19103F-16F7-4668-BE54-9A1E7A4F7556}") = "Data", "Data\Data.csproj", "{EACA4CA6-F0F0-4EF6-A511-88F2FA0435B4}"
EndProject
Project("{9A19103F-16F7-4668-BE54-9A1E7A4F7556}") = "Data.Repository", "Data.Repository\Data.Repository.csproj", "{B811752F-99A5-411A-ABC9-0EC6DB0EB4A3}"
EndProject
Project("{9A19103F-16F7-4668-BE54-9A1E7A4F7556}") = "Model", "Model\Model.csproj", "{8ED824D0-C270-40FD-8C08-E2D1C876005D}"
EndProject
Project("{9A19103F-16F7-4668-BE54-9A1E7A4F7556}") = "CodeGenerator", "CodeGenerator\CodeGenerator.csproj", "{ECA5678E-1790-49DE-8276-10126AC5791B}"
EndProject
Project("{9A19103F-16F7-4668-BE54-9A1E7A4F7556}") = "IdGenerator", "IdGenerator\IdGenerator.csproj", "{15A5136F-1510-4F3C-AFFD-67BFACE89A94}"
EndProject
Project("{9A19103F-16F7-4668-BE54-9A1E7A4F7556}") = "Web.Code", "Web.Code\Web.Code.csproj", "{3A096F5D-9F36-4F32-AB87-5FEE61966AA4}"
EndProject
Project("{FAE04EC0-301F-11D3-BF4B-00C04F79EFBC}") = "Data.EF", "Data.EF\Data.EF.csproj", "{4F6EADD4-7809-4C6F-A43C-EE40E1E6D3C0}"
EndProject
Project("{2150E333-8FDC-42A3-9474-1A3956D46DE8}") = "Cache 数据缓存接口", "Cache 数据缓存接口", "{14333445-71EF-4DCB-ABBF-9D795D3B7801}"
EndProject
Project("{FAE04EC0-301F-11D3-BF4B-00C04F79EFBC}") = "Cache.Factory", "Cache.Factory\Cache.Factory.csproj", "{5120B963-4880-4B30-B8C1-6CB07C63A63F}"
EndProject
Project("{FAE04EC0-301F-11D3-BF4B-00C04F79EFBC}") = "Cache.Interface", "Cache.Interface\Cache.Interface.csproj", "{5482C6CD-681C-4E08-9E7E-347FE8D7FA4D}"
EndProject
Project("{FAE04EC0-301F-11D3-BF4B-00C04F79EFBC}") = "MemoryCache", "MemoryCache\MemoryCache.csproj", "{A74E580F-D1F6-4C11-B148-798F201CCEA4}"
EndProject
Project("{FAE04EC0-301F-11D3-BF4B-00C04F79EFBC}") = "RedisCache", "RedisCache\RedisCache.csproj", "{76CC8781-DA50-4DFD-A50E-7223B6995F30}"
EndProject
Global
	GlobalSection(SolutionConfigurationPlatforms) = preSolution
		Debug|Any CPU = Debug|Any CPU
		Release|Any CPU = Release|Any CPU
	EndGlobalSection
	GlobalSection(ProjectConfigurationPlatforms) = postSolution
		{08C3F096-31EF-4DCD-A76A-CAAF6663F6D8}.Debug|Any CPU.ActiveCfg = Debug|Any CPU
		{08C3F096-31EF-4DCD-A76A-CAAF6663F6D8}.Debug|Any CPU.Build.0 = Debug|Any CPU
		{08C3F096-31EF-4DCD-A76A-CAAF6663F6D8}.Release|Any CPU.ActiveCfg = Release|Any CPU
		{08C3F096-31EF-4DCD-A76A-CAAF6663F6D8}.Release|Any CPU.Build.0 = Release|Any CPU
		{8A9445E7-C82A-4B9B-A561-7AB1E801CFDC}.Debug|Any CPU.ActiveCfg = Debug|Any CPU
		{8A9445E7-C82A-4B9B-A561-7AB1E801CFDC}.Debug|Any CPU.Build.0 = Debug|Any CPU
		{8A9445E7-C82A-4B9B-A561-7AB1E801CFDC}.Release|Any CPU.ActiveCfg = Release|Any CPU
		{8A9445E7-C82A-4B9B-A561-7AB1E801CFDC}.Release|Any CPU.Build.0 = Release|Any CPU
		{8001224D-2C77-4130-AF12-DF407C6E6AAA}.Debug|Any CPU.ActiveCfg = Debug|Any CPU
		{8001224D-2C77-4130-AF12-DF407C6E6AAA}.Debug|Any CPU.Build.0 = Debug|Any CPU
		{8001224D-2C77-4130-AF12-DF407C6E6AAA}.Release|Any CPU.ActiveCfg = Release|Any CPU
		{8001224D-2C77-4130-AF12-DF407C6E6AAA}.Release|Any CPU.Build.0 = Release|Any CPU
		{C098BF74-5C9A-48E6-AAEB-9EBF122ED8DF}.Debug|Any CPU.ActiveCfg = Debug|Any CPU
		{C098BF74-5C9A-48E6-AAEB-9EBF122ED8DF}.Debug|Any CPU.Build.0 = Debug|Any CPU
		{C098BF74-5C9A-48E6-AAEB-9EBF122ED8DF}.Release|Any CPU.ActiveCfg = Release|Any CPU
		{C098BF74-5C9A-48E6-AAEB-9EBF122ED8DF}.Release|Any CPU.Build.0 = Release|Any CPU
		{D8DF7B64-95BC-4402-8CF4-288F10924E64}.Debug|Any CPU.ActiveCfg = Debug|Any CPU
		{D8DF7B64-95BC-4402-8CF4-288F10924E64}.Debug|Any CPU.Build.0 = Debug|Any CPU
		{D8DF7B64-95BC-4402-8CF4-288F10924E64}.Release|Any CPU.ActiveCfg = Release|Any CPU
		{D8DF7B64-95BC-4402-8CF4-288F10924E64}.Release|Any CPU.Build.0 = Release|Any CPU
		{17E9AD64-A00D-4285-94AD-E62BEBD270F6}.Debug|Any CPU.ActiveCfg = Debug|Any CPU
		{17E9AD64-A00D-4285-94AD-E62BEBD270F6}.Debug|Any CPU.Build.0 = Debug|Any CPU
		{17E9AD64-A00D-4285-94AD-E62BEBD270F6}.Release|Any CPU.ActiveCfg = Release|Any CPU
		{17E9AD64-A00D-4285-94AD-E62BEBD270F6}.Release|Any CPU.Build.0 = Release|Any CPU
		{ACDDDC82-6CF7-4E06-B185-F53CE542FA14}.Debug|Any CPU.ActiveCfg = Debug|Any CPU
		{ACDDDC82-6CF7-4E06-B185-F53CE542FA14}.Debug|Any CPU.Build.0 = Debug|Any CPU
		{ACDDDC82-6CF7-4E06-B185-F53CE542FA14}.Release|Any CPU.ActiveCfg = Release|Any CPU
		{ACDDDC82-6CF7-4E06-B185-F53CE542FA14}.Release|Any CPU.Build.0 = Release|Any CPU
		{EACA4CA6-F0F0-4EF6-A511-88F2FA0435B4}.Debug|Any CPU.ActiveCfg = Debug|Any CPU
		{EACA4CA6-F0F0-4EF6-A511-88F2FA0435B4}.Debug|Any CPU.Build.0 = Debug|Any CPU
		{EACA4CA6-F0F0-4EF6-A511-88F2FA0435B4}.Release|Any CPU.ActiveCfg = Release|Any CPU
		{EACA4CA6-F0F0-4EF6-A511-88F2FA0435B4}.Release|Any CPU.Build.0 = Release|Any CPU
		{B811752F-99A5-411A-ABC9-0EC6DB0EB4A3}.Debug|Any CPU.ActiveCfg = Debug|Any CPU
		{B811752F-99A5-411A-ABC9-0EC6DB0EB4A3}.Debug|Any CPU.Build.0 = Debug|Any CPU
		{B811752F-99A5-411A-ABC9-0EC6DB0EB4A3}.Release|Any CPU.ActiveCfg = Release|Any CPU
		{B811752F-99A5-411A-ABC9-0EC6DB0EB4A3}.Release|Any CPU.Build.0 = Release|Any CPU
		{8ED824D0-C270-40FD-8C08-E2D1C876005D}.Debug|Any CPU.ActiveCfg = Debug|Any CPU
		{8ED824D0-C270-40FD-8C08-E2D1C876005D}.Debug|Any CPU.Build.0 = Debug|Any CPU
		{8ED824D0-C270-40FD-8C08-E2D1C876005D}.Release|Any CPU.ActiveCfg = Release|Any CPU
		{8ED824D0-C270-40FD-8C08-E2D1C876005D}.Release|Any CPU.Build.0 = Release|Any CPU
		{ECA5678E-1790-49DE-8276-10126AC5791B}.Debug|Any CPU.ActiveCfg = Debug|Any CPU
		{ECA5678E-1790-49DE-8276-10126AC5791B}.Debug|Any CPU.Build.0 = Debug|Any CPU
		{ECA5678E-1790-49DE-8276-10126AC5791B}.Release|Any CPU.ActiveCfg = Release|Any CPU
		{ECA5678E-1790-49DE-8276-10126AC5791B}.Release|Any CPU.Build.0 = Release|Any CPU
		{15A5136F-1510-4F3C-AFFD-67BFACE89A94}.Debug|Any CPU.ActiveCfg = Debug|Any CPU
		{15A5136F-1510-4F3C-AFFD-67BFACE89A94}.Debug|Any CPU.Build.0 = Debug|Any CPU
		{15A5136F-1510-4F3C-AFFD-67BFACE89A94}.Release|Any CPU.ActiveCfg = Release|Any CPU
		{15A5136F-1510-4F3C-AFFD-67BFACE89A94}.Release|Any CPU.Build.0 = Release|Any CPU
		{3A096F5D-9F36-4F32-AB87-5FEE61966AA4}.Debug|Any CPU.ActiveCfg = Debug|Any CPU
		{3A096F5D-9F36-4F32-AB87-5FEE61966AA4}.Debug|Any CPU.Build.0 = Debug|Any CPU
		{3A096F5D-9F36-4F32-AB87-5FEE61966AA4}.Release|Any CPU.ActiveCfg = Release|Any CPU
		{3A096F5D-9F36-4F32-AB87-5FEE61966AA4}.Release|Any CPU.Build.0 = Release|Any CPU
		{4F6EADD4-7809-4C6F-A43C-EE40E1E6D3C0}.Debug|Any CPU.ActiveCfg = Debug|Any CPU
		{4F6EADD4-7809-4C6F-A43C-EE40E1E6D3C0}.Debug|Any CPU.Build.0 = Debug|Any CPU
		{4F6EADD4-7809-4C6F-A43C-EE40E1E6D3C0}.Release|Any CPU.ActiveCfg = Release|Any CPU
		{4F6EADD4-7809-4C6F-A43C-EE40E1E6D3C0}.Release|Any CPU.Build.0 = Release|Any CPU
		{5120B963-4880-4B30-B8C1-6CB07C63A63F}.Debug|Any CPU.ActiveCfg = Debug|Any CPU
		{5120B963-4880-4B30-B8C1-6CB07C63A63F}.Debug|Any CPU.Build.0 = Debug|Any CPU
		{5120B963-4880-4B30-B8C1-6CB07C63A63F}.Release|Any CPU.ActiveCfg = Release|Any CPU
		{5120B963-4880-4B30-B8C1-6CB07C63A63F}.Release|Any CPU.Build.0 = Release|Any CPU
		{5482C6CD-681C-4E08-9E7E-347FE8D7FA4D}.Debug|Any CPU.ActiveCfg = Debug|Any CPU
		{5482C6CD-681C-4E08-9E7E-347FE8D7FA4D}.Debug|Any CPU.Build.0 = Debug|Any CPU
		{5482C6CD-681C-4E08-9E7E-347FE8D7FA4D}.Release|Any CPU.ActiveCfg = Release|Any CPU
		{5482C6CD-681C-4E08-9E7E-347FE8D7FA4D}.Release|Any CPU.Build.0 = Release|Any CPU
		{A74E580F-D1F6-4C11-B148-798F201CCEA4}.Debug|Any CPU.ActiveCfg = Debug|Any CPU
		{A74E580F-D1F6-4C11-B148-798F201CCEA4}.Debug|Any CPU.Build.0 = Debug|Any CPU
		{A74E580F-D1F6-4C11-B148-798F201CCEA4}.Release|Any CPU.ActiveCfg = Release|Any CPU
		{A74E580F-D1F6-4C11-B148-798F201CCEA4}.Release|Any CPU.Build.0 = Release|Any CPU
		{76CC8781-DA50-4DFD-A50E-7223B6995F30}.Debug|Any CPU.ActiveCfg = Debug|Any CPU
		{76CC8781-DA50-4DFD-A50E-7223B6995F30}.Debug|Any CPU.Build.0 = Debug|Any CPU
		{76CC8781-DA50-4DFD-A50E-7223B6995F30}.Release|Any CPU.ActiveCfg = Release|Any CPU
		{76CC8781-DA50-4DFD-A50E-7223B6995F30}.Release|Any CPU.Build.0 = Release|Any CPU
	EndGlobalSection
	GlobalSection(SolutionProperties) = preSolution
		HideSolutionNode = FALSE
	EndGlobalSection
	GlobalSection(NestedProjects) = preSolution
		{08C3F096-31EF-4DCD-A76A-CAAF6663F6D8} = {EB7686D1-C36B-4F3D-A7EA-10EB48607B04}
		{8A9445E7-C82A-4B9B-A561-7AB1E801CFDC} = {85A4552B-54AA-4D23-A34A-B7B589CE3071}
		{8001224D-2C77-4130-AF12-DF407C6E6AAA} = {7C53B4D7-7995-4715-92D2-A1833A7449F6}
		{C098BF74-5C9A-48E6-AAEB-9EBF122ED8DF} = {36151F25-648B-44C7-A69D-45816D908D07}
		{D8DF7B64-95BC-4402-8CF4-288F10924E64} = {7C53B4D7-7995-4715-92D2-A1833A7449F6}
		{17E9AD64-A00D-4285-94AD-E62BEBD270F6} = {36151F25-648B-44C7-A69D-45816D908D07}
		{ACDDDC82-6CF7-4E06-B185-F53CE542FA14} = {36151F25-648B-44C7-A69D-45816D908D07}
		{EACA4CA6-F0F0-4EF6-A511-88F2FA0435B4} = {EFD64181-D483-4787-AC86-597D253DB5BC}
		{B811752F-99A5-411A-ABC9-0EC6DB0EB4A3} = {EFD64181-D483-4787-AC86-597D253DB5BC}
		{8ED824D0-C270-40FD-8C08-E2D1C876005D} = {7C53B4D7-7995-4715-92D2-A1833A7449F6}
		{ECA5678E-1790-49DE-8276-10126AC5791B} = {EB7686D1-C36B-4F3D-A7EA-10EB48607B04}
		{15A5136F-1510-4F3C-AFFD-67BFACE89A94} = {EB7686D1-C36B-4F3D-A7EA-10EB48607B04}
		{3A096F5D-9F36-4F32-AB87-5FEE61966AA4} = {85A4552B-54AA-4D23-A34A-B7B589CE3071}
		{4F6EADD4-7809-4C6F-A43C-EE40E1E6D3C0} = {EFD64181-D483-4787-AC86-597D253DB5BC}
		{14333445-71EF-4DCB-ABBF-9D795D3B7801} = {EB7686D1-C36B-4F3D-A7EA-10EB48607B04}
		{5120B963-4880-4B30-B8C1-6CB07C63A63F} = {14333445-71EF-4DCB-ABBF-9D795D3B7801}
		{5482C6CD-681C-4E08-9E7E-347FE8D7FA4D} = {14333445-71EF-4DCB-ABBF-9D795D3B7801}
		{A74E580F-D1F6-4C11-B148-798F201CCEA4} = {14333445-71EF-4DCB-ABBF-9D795D3B7801}
		{76CC8781-DA50-4DFD-A50E-7223B6995F30} = {14333445-71EF-4DCB-ABBF-9D795D3B7801}
	EndGlobalSection
	GlobalSection(ExtensibilityGlobals) = postSolution
		SolutionGuid = {1783FB87-AF62-4248-924D-7E81A3AC5023}
	EndGlobalSection
EndGlobal
